
Microsoft Visual Studio Solution File, Format Version 12.00
# Visual Studio Version 16
VisualStudioVersion = 16.0.30907.101
MinimumVisualStudioVersion = 10.0.40219.1
Project("{FAE04EC0-301F-11D3-BF4B-00C04F79EFBC}") = "OBiBiapp", "OBiBiapp.csproj", "{B178ACA0-120D-451D-B610-A465A59A2174}"
EndProject
Global
	GlobalSection(SolutionConfigurationPlatforms) = preSolution
		Debug|Any CPU = Debug|Any CPU
		Release|Any CPU = Release|Any CPU
	EndGlobalSection
	GlobalSection(ProjectConfigurationPlatforms) = postSolution
		{B178ACA0-120D-451D-B610-A465A59A2174}.Debug|Any CPU.ActiveCfg = Debug|Any CPU
		{B178ACA0-120D-451D-B610-A465A59A2174}.Debug|Any CPU.Build.0 = Debug|Any CPU
		{B178ACA0-120D-451D-B610-A465A59A2174}.Release|Any CPU.ActiveCfg = Release|Any CPU
		{B178ACA0-120D-451D-B610-A465A59A2174}.Release|Any CPU.Build.0 = Release|Any CPU
	EndGlobalSection
	GlobalSection(SolutionProperties) = preSolution
		HideSolutionNode = FALSE
	EndGlobalSection
	GlobalSection(ExtensibilityGlobals) = postSolution
		SolutionGuid = {81344645-614B-4F3B-A0D6-3599826BA599}
	EndGlobalSection
EndGlobal
